// !$*UTF8*$!
{
	archiveVersion = 1;
	classes = {
	};
	objectVersion = 56;
	objects = {

/* Begin PBXBuildFile section */
		BB2863272C2F4635009E75EA /* SubRecipeList.swift in Sources */ = {isa = PBXBuildFile; fileRef = BB2863262C2F4635009E75EA /* SubRecipeList.swift */; };
		BB5552CC2C24CE25007815A1 /* CommonFood.swift in Sources */ = {isa = PBXBuildFile; fileRef = BB5552CB2C24CE25007815A1 /* CommonFood.swift */; };
		BB5552CE2C24CE32007815A1 /* BrandedFood.swift in Sources */ = {isa = PBXBuildFile; fileRef = BB5552CD2C24CE32007815A1 /* BrandedFood.swift */; };
		BB5552D02C24DA2E007815A1 /* NetworkManager.swift in Sources */ = {isa = PBXBuildFile; fileRef = BB5552CF2C24DA2E007815A1 /* NetworkManager.swift */; };
		BB5552D62C24E53D007815A1 /* APIEndPoint.swift in Sources */ = {isa = PBXBuildFile; fileRef = BB5552D52C24E53D007815A1 /* APIEndPoint.swift */; };
		BB5552D82C24EAF7007815A1 /* NetworkError.swift in Sources */ = {isa = PBXBuildFile; fileRef = BB5552D72C24EAF7007815A1 /* NetworkError.swift */; };
		BB5552DB2C250315007815A1 /* NutritionixConfiguration.swift in Sources */ = {isa = PBXBuildFile; fileRef = BB5552DA2C250315007815A1 /* NutritionixConfiguration.swift */; };
		BB5552E32C250E56007815A1 /* NutritionixAPIManager.swift in Sources */ = {isa = PBXBuildFile; fileRef = BB5552E22C250E56007815A1 /* NutritionixAPIManager.swift */; };
		BB5552E72C252106007815A1 /* FoodItemListView.swift in Sources */ = {isa = PBXBuildFile; fileRef = BB5552E62C252106007815A1 /* FoodItemListView.swift */; };
		BB5552E92C252171007815A1 /* FoodItemListViewModel.swift in Sources */ = {isa = PBXBuildFile; fileRef = BB5552E82C252171007815A1 /* FoodItemListViewModel.swift */; };
		BB5552F42C255D02007815A1 /* FoodItemList.swift in Sources */ = {isa = PBXBuildFile; fileRef = BB5552F32C255D02007815A1 /* FoodItemList.swift */; };
		BB5552F62C2561D1007815A1 /* FoodItemRow.swift in Sources */ = {isa = PBXBuildFile; fileRef = BB5552F52C2561D1007815A1 /* FoodItemRow.swift */; };
		BB5553052C257FD8007815A1 /* SDWebImageSwiftUI in Frameworks */ = {isa = PBXBuildFile; productRef = BB5553042C257FD8007815A1 /* SDWebImageSwiftUI */; };
		BB5553072C258014007815A1 /* FoodItemImage.swift in Sources */ = {isa = PBXBuildFile; fileRef = BB5553062C258014007815A1 /* FoodItemImage.swift */; };
		BB5553092C260006007815A1 /* FoodItemDetailView.swift in Sources */ = {isa = PBXBuildFile; fileRef = BB5553082C260006007815A1 /* FoodItemDetailView.swift */; };
		BB55530B2C2604C6007815A1 /* PreviewInitial.swift in Sources */ = {isa = PBXBuildFile; fileRef = BB55530A2C2604C6007815A1 /* PreviewInitial.swift */; };
		BB5923812C2DCB360000C42D /* FoodItemTypes.swift in Sources */ = {isa = PBXBuildFile; fileRef = BB5923802C2DCB360000C42D /* FoodItemTypes.swift */; };
		BB5923852C2DCF8B0000C42D /* SegmentedPickerView.swift in Sources */ = {isa = PBXBuildFile; fileRef = BB5923842C2DCF8B0000C42D /* SegmentedPickerView.swift */; };
		BB5B7A472C275137004B2975 /* FoodItemDetailViewModel.swift in Sources */ = {isa = PBXBuildFile; fileRef = BB5B7A462C275137004B2975 /* FoodItemDetailViewModel.swift */; };
		BB5B7A4B2C2752D7004B2975 /* Food.swift in Sources */ = {isa = PBXBuildFile; fileRef = BB5B7A4A2C2752D7004B2975 /* Food.swift */; };
		BB5B7A512C27C331004B2975 /* View+Extension.swift in Sources */ = {isa = PBXBuildFile; fileRef = BB5B7A502C27C331004B2975 /* View+Extension.swift */; };
		BB5B7A552C29F650004B2975 /* Nutrients.json in Resources */ = {isa = PBXBuildFile; fileRef = BB5B7A542C29F650004B2975 /* Nutrients.json */; };
		BB65CE9E2C2AEAB80070BC58 /* FoodItemDetailViewModelTests.swift in Sources */ = {isa = PBXBuildFile; fileRef = BB65CE9D2C2AEAB80070BC58 /* FoodItemDetailViewModelTests.swift */; };
		BB65CEA12C2AFEAD0070BC58 /* NutritionixAPIManagerMock.swift in Sources */ = {isa = PBXBuildFile; fileRef = BB65CEA02C2AFEAD0070BC58 /* NutritionixAPIManagerMock.swift */; };
		BB65CEA52C2B07590070BC58 /* NetworkManagerTests.swift in Sources */ = {isa = PBXBuildFile; fileRef = BB65CEA42C2B07590070BC58 /* NetworkManagerTests.swift */; };
		BB65CEA72C2B0CB80070BC58 /* NutritionixAPIManagerTests.swift in Sources */ = {isa = PBXBuildFile; fileRef = BB65CEA62C2B0CB80070BC58 /* NutritionixAPIManagerTests.swift */; };
		BB65CEAB2C2B0D900070BC58 /* NetworkManagerMock.swift in Sources */ = {isa = PBXBuildFile; fileRef = BB65CEAA2C2B0D900070BC58 /* NetworkManagerMock.swift */; };
		BB65CEB02C2B15190070BC58 /* CommonFoodTests.swift in Sources */ = {isa = PBXBuildFile; fileRef = BB65CEAF2C2B15190070BC58 /* CommonFoodTests.swift */; };
		BB65CEB22C2B170F0070BC58 /* BrandedFoodTests.swift in Sources */ = {isa = PBXBuildFile; fileRef = BB65CEB12C2B170F0070BC58 /* BrandedFoodTests.swift */; };
		BB65CEB42C2B17C10070BC58 /* NutritionixConfigurationTests.swift in Sources */ = {isa = PBXBuildFile; fileRef = BB65CEB32C2B17C10070BC58 /* NutritionixConfigurationTests.swift */; };
		BB65CEB72C2B19A90070BC58 /* SearchInstantEndPointResponseTests.swift in Sources */ = {isa = PBXBuildFile; fileRef = BB65CEB62C2B19A90070BC58 /* SearchInstantEndPointResponseTests.swift */; };
		BB65CEB92C2B1C480070BC58 /* APIEndPointTests.swift in Sources */ = {isa = PBXBuildFile; fileRef = BB65CEB82C2B1C480070BC58 /* APIEndPointTests.swift */; };
		BB65CEBB2C2B1DDA0070BC58 /* NetworkErrorTests.swift in Sources */ = {isa = PBXBuildFile; fileRef = BB65CEBA2C2B1DDA0070BC58 /* NetworkErrorTests.swift */; };
		BB65CEBE2C2B37E10070BC58 /* CalorieView.swift in Sources */ = {isa = PBXBuildFile; fileRef = BB65CEBD2C2B37E10070BC58 /* CalorieView.swift */; };
		BB6F95692C2F97F6005B0914 /* IQKeyboardManagerSwift in Frameworks */ = {isa = PBXBuildFile; productRef = BB6F95682C2F97F6005B0914 /* IQKeyboardManagerSwift */; };
		BB6F956B2C2FE266005B0914 /* SubRecipeDetailView.swift in Sources */ = {isa = PBXBuildFile; fileRef = BB6F956A2C2FE266005B0914 /* SubRecipeDetailView.swift */; };
		BB6F956D2C3095B5005B0914 /* MutableCollection+Extension.swift in Sources */ = {isa = PBXBuildFile; fileRef = BB6F956C2C3095B5005B0914 /* MutableCollection+Extension.swift */; };
		BB6F956F2C30A162005B0914 /* SubRecipeRow.swift in Sources */ = {isa = PBXBuildFile; fileRef = BB6F956E2C30A162005B0914 /* SubRecipeRow.swift */; };
		BB6F95742C30C5AE005B0914 /* SubRecipe1Mock.json in Resources */ = {isa = PBXBuildFile; fileRef = BB6F95702C30C5AD005B0914 /* SubRecipe1Mock.json */; };
		BB6F95752C30C5AE005B0914 /* SubRecipe1Mock.json in Resources */ = {isa = PBXBuildFile; fileRef = BB6F95702C30C5AD005B0914 /* SubRecipe1Mock.json */; };
		BB6F95762C30C5AE005B0914 /* SubRecipe2Mock.json in Resources */ = {isa = PBXBuildFile; fileRef = BB6F95712C30C5AE005B0914 /* SubRecipe2Mock.json */; };
		BB6F95772C30C5AE005B0914 /* SubRecipe2Mock.json in Resources */ = {isa = PBXBuildFile; fileRef = BB6F95712C30C5AE005B0914 /* SubRecipe2Mock.json */; };
		BB6F95782C30C5AE005B0914 /* SubRecipe4Mock.json in Resources */ = {isa = PBXBuildFile; fileRef = BB6F95722C30C5AE005B0914 /* SubRecipe4Mock.json */; };
		BB6F95792C30C5AE005B0914 /* SubRecipe4Mock.json in Resources */ = {isa = PBXBuildFile; fileRef = BB6F95722C30C5AE005B0914 /* SubRecipe4Mock.json */; };
		BB6F957A2C30C5AE005B0914 /* SubRecipe3Mock.json in Resources */ = {isa = PBXBuildFile; fileRef = BB6F95732C30C5AE005B0914 /* SubRecipe3Mock.json */; };
		BB6F957B2C30C5AE005B0914 /* SubRecipe3Mock.json in Resources */ = {isa = PBXBuildFile; fileRef = BB6F95732C30C5AE005B0914 /* SubRecipe3Mock.json */; };
		BB6F95832C311A5E005B0914 /* RestaurantViewModel.swift in Sources */ = {isa = PBXBuildFile; fileRef = BB6F95822C311A5E005B0914 /* RestaurantViewModel.swift */; };
		BB6F95882C311AD0005B0914 /* RestaurantView.swift in Sources */ = {isa = PBXBuildFile; fileRef = BB6F95872C311AD0005B0914 /* RestaurantView.swift */; };
		BB6F958C2C31D237005B0914 /* LocationManager.swift in Sources */ = {isa = PBXBuildFile; fileRef = BB6F958B2C31D237005B0914 /* LocationManager.swift */; };
		BB6F958E2C31DBA3005B0914 /* LocationError.swift in Sources */ = {isa = PBXBuildFile; fileRef = BB6F958D2C31DBA3005B0914 /* LocationError.swift */; };
		BB6F95922C31FEE1005B0914 /* Restaurant.swift in Sources */ = {isa = PBXBuildFile; fileRef = BB6F95912C31FEE1005B0914 /* Restaurant.swift */; };
		BB6F95942C322C32005B0914 /* RestaurantMap.swift in Sources */ = {isa = PBXBuildFile; fileRef = BB6F95932C322C32005B0914 /* RestaurantMap.swift */; };
		BB6F95962C327CF5005B0914 /* RestaurantList.swift in Sources */ = {isa = PBXBuildFile; fileRef = BB6F95952C327CF5005B0914 /* RestaurantList.swift */; };
		BB7E01732C2E1BC8006696A1 /* SearchInstantEndPoint.swift in Sources */ = {isa = PBXBuildFile; fileRef = BB7E01722C2E1BC8006696A1 /* SearchInstantEndPoint.swift */; };
		BB7E01752C2E21A9006696A1 /* SearchItemEndPoint.swift in Sources */ = {isa = PBXBuildFile; fileRef = BB7E01742C2E21A9006696A1 /* SearchItemEndPoint.swift */; };
		BB7E01772C2E2897006696A1 /* NaturalNutrientsEndPoint.swift in Sources */ = {isa = PBXBuildFile; fileRef = BB7E01762C2E2897006696A1 /* NaturalNutrientsEndPoint.swift */; };
		BB7E01792C2E31CA006696A1 /* NaturalNutrientsMock.json in Resources */ = {isa = PBXBuildFile; fileRef = BB7E01782C2E31CA006696A1 /* NaturalNutrientsMock.json */; };
		BB7E017A2C2E31CA006696A1 /* NaturalNutrientsMock.json in Resources */ = {isa = PBXBuildFile; fileRef = BB7E01782C2E31CA006696A1 /* NaturalNutrientsMock.json */; };
		BB81EECB2C24C6FB0080BEF3 /* CercacorAssignmentApp.swift in Sources */ = {isa = PBXBuildFile; fileRef = BB81EECA2C24C6FB0080BEF3 /* CercacorAssignmentApp.swift */; };
		BB81EECF2C24C6FD0080BEF3 /* Assets.xcassets in Resources */ = {isa = PBXBuildFile; fileRef = BB81EECE2C24C6FD0080BEF3 /* Assets.xcassets */; };
		BB81EED22C24C6FD0080BEF3 /* Preview Assets.xcassets in Resources */ = {isa = PBXBuildFile; fileRef = BB81EED12C24C6FD0080BEF3 /* Preview Assets.xcassets */; };
		BB81EEE62C24C6FD0080BEF3 /* CercacorAssignmentUITests.swift in Sources */ = {isa = PBXBuildFile; fileRef = BB81EEE52C24C6FD0080BEF3 /* CercacorAssignmentUITests.swift */; };
		BB81EEE82C24C6FD0080BEF3 /* CercacorAssignmentUITestsLaunchTests.swift in Sources */ = {isa = PBXBuildFile; fileRef = BB81EEE72C24C6FD0080BEF3 /* CercacorAssignmentUITestsLaunchTests.swift */; };
		BBC48CAB2C2A7AF900D40014 /* FoodDetailHeader.swift in Sources */ = {isa = PBXBuildFile; fileRef = BBC48CAA2C2A7AF900D40014 /* FoodDetailHeader.swift */; };
		BBC48CAD2C2A7D9F00D40014 /* NutritionDetailView.swift in Sources */ = {isa = PBXBuildFile; fileRef = BBC48CAC2C2A7D9F00D40014 /* NutritionDetailView.swift */; };
		BBC48CAF2C2A8EF000D40014 /* QuantityInputView.swift in Sources */ = {isa = PBXBuildFile; fileRef = BBC48CAE2C2A8EF000D40014 /* QuantityInputView.swift */; };
		BBC48CB52C2A95D400D40014 /* NutrientList.swift in Sources */ = {isa = PBXBuildFile; fileRef = BBC48CB42C2A95D400D40014 /* NutrientList.swift */; };
		BBC48CB72C2AB27A00D40014 /* NumberFormatter+Extension.swift in Sources */ = {isa = PBXBuildFile; fileRef = BBC48CB62C2AB27A00D40014 /* NumberFormatter+Extension.swift */; };
		BBC48CB92C2AC15700D40014 /* FoodItemListViewModelTests.swift in Sources */ = {isa = PBXBuildFile; fileRef = BBC48CB82C2AC15700D40014 /* FoodItemListViewModelTests.swift */; };
		BBC48CBC2C2AC29A00D40014 /* SDWebImageSwiftUI in Frameworks */ = {isa = PBXBuildFile; productRef = BBC48CBB2C2AC29A00D40014 /* SDWebImageSwiftUI */; };
		BBC48CBF2C2AC6C700D40014 /* SearchInstantMock.json in Resources */ = {isa = PBXBuildFile; fileRef = BBC48CBE2C2AC6C700D40014 /* SearchInstantMock.json */; };
		BBC48CC12C2AC9C400D40014 /* SearchItemMock.json in Resources */ = {isa = PBXBuildFile; fileRef = BBC48CC02C2AC9C400D40014 /* SearchItemMock.json */; };
		BBC48CC22C2AD6E500D40014 /* SearchItemMock.json in Resources */ = {isa = PBXBuildFile; fileRef = BBC48CC02C2AC9C400D40014 /* SearchItemMock.json */; };
		BBC48CC32C2AD6E800D40014 /* SearchInstantMock.json in Resources */ = {isa = PBXBuildFile; fileRef = BBC48CBE2C2AC6C700D40014 /* SearchInstantMock.json */; };
/* End PBXBuildFile section */

/* Begin PBXContainerItemProxy section */
		BB81EED82C24C6FD0080BEF3 /* PBXContainerItemProxy */ = {
			isa = PBXContainerItemProxy;
			containerPortal = BB81EEBF2C24C6FB0080BEF3 /* Project object */;
			proxyType = 1;
			remoteGlobalIDString = BB81EEC62C24C6FB0080BEF3;
			remoteInfo = CercacorAssignment;
		};
		BB81EEE22C24C6FD0080BEF3 /* PBXContainerItemProxy */ = {
			isa = PBXContainerItemProxy;
			containerPortal = BB81EEBF2C24C6FB0080BEF3 /* Project object */;
			proxyType = 1;
			remoteGlobalIDString = BB81EEC62C24C6FB0080BEF3;
			remoteInfo = CercacorAssignment;
		};
/* End PBXContainerItemProxy section */

/* Begin PBXFileReference section */
		BB2863262C2F4635009E75EA /* SubRecipeList.swift */ = {isa = PBXFileReference; lastKnownFileType = sourcecode.swift; path = SubRecipeList.swift; sourceTree = "<group>"; };
		BB5552CB2C24CE25007815A1 /* CommonFood.swift */ = {isa = PBXFileReference; lastKnownFileType = sourcecode.swift; path = CommonFood.swift; sourceTree = "<group>"; };
		BB5552CD2C24CE32007815A1 /* BrandedFood.swift */ = {isa = PBXFileReference; lastKnownFileType = sourcecode.swift; path = BrandedFood.swift; sourceTree = "<group>"; };
		BB5552CF2C24DA2E007815A1 /* NetworkManager.swift */ = {isa = PBXFileReference; lastKnownFileType = sourcecode.swift; path = NetworkManager.swift; sourceTree = "<group>"; };
		BB5552D52C24E53D007815A1 /* APIEndPoint.swift */ = {isa = PBXFileReference; lastKnownFileType = sourcecode.swift; path = APIEndPoint.swift; sourceTree = "<group>"; };
		BB5552D72C24EAF7007815A1 /* NetworkError.swift */ = {isa = PBXFileReference; lastKnownFileType = sourcecode.swift; path = NetworkError.swift; sourceTree = "<group>"; };
		BB5552D92C24F66B007815A1 /* Info.plist */ = {isa = PBXFileReference; lastKnownFileType = text.plist; path = Info.plist; sourceTree = "<group>"; };
		BB5552DA2C250315007815A1 /* NutritionixConfiguration.swift */ = {isa = PBXFileReference; lastKnownFileType = sourcecode.swift; path = NutritionixConfiguration.swift; sourceTree = "<group>"; };
		BB5552E22C250E56007815A1 /* NutritionixAPIManager.swift */ = {isa = PBXFileReference; lastKnownFileType = sourcecode.swift; path = NutritionixAPIManager.swift; sourceTree = "<group>"; };
		BB5552E62C252106007815A1 /* FoodItemListView.swift */ = {isa = PBXFileReference; lastKnownFileType = sourcecode.swift; path = FoodItemListView.swift; sourceTree = "<group>"; };
		BB5552E82C252171007815A1 /* FoodItemListViewModel.swift */ = {isa = PBXFileReference; lastKnownFileType = sourcecode.swift; path = FoodItemListViewModel.swift; sourceTree = "<group>"; };
		BB5552F32C255D02007815A1 /* FoodItemList.swift */ = {isa = PBXFileReference; lastKnownFileType = sourcecode.swift; path = FoodItemList.swift; sourceTree = "<group>"; };
		BB5552F52C2561D1007815A1 /* FoodItemRow.swift */ = {isa = PBXFileReference; lastKnownFileType = sourcecode.swift; path = FoodItemRow.swift; sourceTree = "<group>"; };
		BB5553062C258014007815A1 /* FoodItemImage.swift */ = {isa = PBXFileReference; lastKnownFileType = sourcecode.swift; path = FoodItemImage.swift; sourceTree = "<group>"; };
		BB5553082C260006007815A1 /* FoodItemDetailView.swift */ = {isa = PBXFileReference; lastKnownFileType = sourcecode.swift; path = FoodItemDetailView.swift; sourceTree = "<group>"; };
		BB55530A2C2604C6007815A1 /* PreviewInitial.swift */ = {isa = PBXFileReference; lastKnownFileType = sourcecode.swift; path = PreviewInitial.swift; sourceTree = "<group>"; };
		BB5923802C2DCB360000C42D /* FoodItemTypes.swift */ = {isa = PBXFileReference; lastKnownFileType = sourcecode.swift; path = FoodItemTypes.swift; sourceTree = "<group>"; };
		BB5923842C2DCF8B0000C42D /* SegmentedPickerView.swift */ = {isa = PBXFileReference; lastKnownFileType = sourcecode.swift; path = SegmentedPickerView.swift; sourceTree = "<group>"; };
		BB5B7A462C275137004B2975 /* FoodItemDetailViewModel.swift */ = {isa = PBXFileReference; lastKnownFileType = sourcecode.swift; path = FoodItemDetailViewModel.swift; sourceTree = "<group>"; };
		BB5B7A4A2C2752D7004B2975 /* Food.swift */ = {isa = PBXFileReference; lastKnownFileType = sourcecode.swift; path = Food.swift; sourceTree = "<group>"; };
		BB5B7A502C27C331004B2975 /* View+Extension.swift */ = {isa = PBXFileReference; lastKnownFileType = sourcecode.swift; path = "View+Extension.swift"; sourceTree = "<group>"; };
		BB5B7A542C29F650004B2975 /* Nutrients.json */ = {isa = PBXFileReference; fileEncoding = 4; lastKnownFileType = text.json; path = Nutrients.json; sourceTree = "<group>"; };
		BB65CE9D2C2AEAB80070BC58 /* FoodItemDetailViewModelTests.swift */ = {isa = PBXFileReference; lastKnownFileType = sourcecode.swift; path = FoodItemDetailViewModelTests.swift; sourceTree = "<group>"; };
		BB65CEA02C2AFEAD0070BC58 /* NutritionixAPIManagerMock.swift */ = {isa = PBXFileReference; lastKnownFileType = sourcecode.swift; path = NutritionixAPIManagerMock.swift; sourceTree = "<group>"; };
		BB65CEA42C2B07590070BC58 /* NetworkManagerTests.swift */ = {isa = PBXFileReference; lastKnownFileType = sourcecode.swift; path = NetworkManagerTests.swift; sourceTree = "<group>"; };
		BB65CEA62C2B0CB80070BC58 /* NutritionixAPIManagerTests.swift */ = {isa = PBXFileReference; lastKnownFileType = sourcecode.swift; path = NutritionixAPIManagerTests.swift; sourceTree = "<group>"; };
		BB65CEAA2C2B0D900070BC58 /* NetworkManagerMock.swift */ = {isa = PBXFileReference; lastKnownFileType = sourcecode.swift; path = NetworkManagerMock.swift; sourceTree = "<group>"; };
		BB65CEAF2C2B15190070BC58 /* CommonFoodTests.swift */ = {isa = PBXFileReference; lastKnownFileType = sourcecode.swift; path = CommonFoodTests.swift; sourceTree = "<group>"; };
		BB65CEB12C2B170F0070BC58 /* BrandedFoodTests.swift */ = {isa = PBXFileReference; lastKnownFileType = sourcecode.swift; path = BrandedFoodTests.swift; sourceTree = "<group>"; };
		BB65CEB32C2B17C10070BC58 /* NutritionixConfigurationTests.swift */ = {isa = PBXFileReference; lastKnownFileType = sourcecode.swift; path = NutritionixConfigurationTests.swift; sourceTree = "<group>"; };
		BB65CEB52C2B18520070BC58 /* Info.plist */ = {isa = PBXFileReference; lastKnownFileType = text.plist; path = Info.plist; sourceTree = "<group>"; };
		BB65CEB62C2B19A90070BC58 /* SearchInstantEndPointResponseTests.swift */ = {isa = PBXFileReference; lastKnownFileType = sourcecode.swift; path = SearchInstantEndPointResponseTests.swift; sourceTree = "<group>"; };
		BB65CEB82C2B1C480070BC58 /* APIEndPointTests.swift */ = {isa = PBXFileReference; lastKnownFileType = sourcecode.swift; path = APIEndPointTests.swift; sourceTree = "<group>"; };
		BB65CEBA2C2B1DDA0070BC58 /* NetworkErrorTests.swift */ = {isa = PBXFileReference; lastKnownFileType = sourcecode.swift; path = NetworkErrorTests.swift; sourceTree = "<group>"; };
		BB65CEBD2C2B37E10070BC58 /* CalorieView.swift */ = {isa = PBXFileReference; lastKnownFileType = sourcecode.swift; path = CalorieView.swift; sourceTree = "<group>"; };
		BB6F956A2C2FE266005B0914 /* SubRecipeDetailView.swift */ = {isa = PBXFileReference; lastKnownFileType = sourcecode.swift; path = SubRecipeDetailView.swift; sourceTree = "<group>"; };
		BB6F956C2C3095B5005B0914 /* MutableCollection+Extension.swift */ = {isa = PBXFileReference; lastKnownFileType = sourcecode.swift; path = "MutableCollection+Extension.swift"; sourceTree = "<group>"; };
		BB6F956E2C30A162005B0914 /* SubRecipeRow.swift */ = {isa = PBXFileReference; lastKnownFileType = sourcecode.swift; path = SubRecipeRow.swift; sourceTree = "<group>"; };
		BB6F95702C30C5AD005B0914 /* SubRecipe1Mock.json */ = {isa = PBXFileReference; fileEncoding = 4; lastKnownFileType = text.json; path = SubRecipe1Mock.json; sourceTree = "<group>"; };
		BB6F95712C30C5AE005B0914 /* SubRecipe2Mock.json */ = {isa = PBXFileReference; fileEncoding = 4; lastKnownFileType = text.json; path = SubRecipe2Mock.json; sourceTree = "<group>"; };
		BB6F95722C30C5AE005B0914 /* SubRecipe4Mock.json */ = {isa = PBXFileReference; fileEncoding = 4; lastKnownFileType = text.json; path = SubRecipe4Mock.json; sourceTree = "<group>"; };
		BB6F95732C30C5AE005B0914 /* SubRecipe3Mock.json */ = {isa = PBXFileReference; fileEncoding = 4; lastKnownFileType = text.json; path = SubRecipe3Mock.json; sourceTree = "<group>"; };
		BB6F95822C311A5E005B0914 /* RestaurantViewModel.swift */ = {isa = PBXFileReference; lastKnownFileType = sourcecode.swift; path = RestaurantViewModel.swift; sourceTree = "<group>"; };
		BB6F95872C311AD0005B0914 /* RestaurantView.swift */ = {isa = PBXFileReference; lastKnownFileType = sourcecode.swift; path = RestaurantView.swift; sourceTree = "<group>"; };
		BB6F958B2C31D237005B0914 /* LocationManager.swift */ = {isa = PBXFileReference; lastKnownFileType = sourcecode.swift; path = LocationManager.swift; sourceTree = "<group>"; };
		BB6F958D2C31DBA3005B0914 /* LocationError.swift */ = {isa = PBXFileReference; lastKnownFileType = sourcecode.swift; path = LocationError.swift; sourceTree = "<group>"; };
		BB6F95912C31FEE1005B0914 /* Restaurant.swift */ = {isa = PBXFileReference; lastKnownFileType = sourcecode.swift; path = Restaurant.swift; sourceTree = "<group>"; };
		BB6F95932C322C32005B0914 /* RestaurantMap.swift */ = {isa = PBXFileReference; lastKnownFileType = sourcecode.swift; path = RestaurantMap.swift; sourceTree = "<group>"; };
		BB6F95952C327CF5005B0914 /* RestaurantList.swift */ = {isa = PBXFileReference; lastKnownFileType = sourcecode.swift; path = RestaurantList.swift; sourceTree = "<group>"; };
		BB7E01722C2E1BC8006696A1 /* SearchInstantEndPoint.swift */ = {isa = PBXFileReference; lastKnownFileType = sourcecode.swift; path = SearchInstantEndPoint.swift; sourceTree = "<group>"; };
		BB7E01742C2E21A9006696A1 /* SearchItemEndPoint.swift */ = {isa = PBXFileReference; lastKnownFileType = sourcecode.swift; path = SearchItemEndPoint.swift; sourceTree = "<group>"; };
		BB7E01762C2E2897006696A1 /* NaturalNutrientsEndPoint.swift */ = {isa = PBXFileReference; lastKnownFileType = sourcecode.swift; path = NaturalNutrientsEndPoint.swift; sourceTree = "<group>"; };
		BB7E01782C2E31CA006696A1 /* NaturalNutrientsMock.json */ = {isa = PBXFileReference; fileEncoding = 4; lastKnownFileType = text.json; path = NaturalNutrientsMock.json; sourceTree = "<group>"; };
		BB81EEC72C24C6FB0080BEF3 /* CercacorAssignment.app */ = {isa = PBXFileReference; explicitFileType = wrapper.application; includeInIndex = 0; path = CercacorAssignment.app; sourceTree = BUILT_PRODUCTS_DIR; };
		BB81EECA2C24C6FB0080BEF3 /* CercacorAssignmentApp.swift */ = {isa = PBXFileReference; lastKnownFileType = sourcecode.swift; path = CercacorAssignmentApp.swift; sourceTree = "<group>"; };
		BB81EECE2C24C6FD0080BEF3 /* Assets.xcassets */ = {isa = PBXFileReference; lastKnownFileType = folder.assetcatalog; path = Assets.xcassets; sourceTree = "<group>"; };
		BB81EED12C24C6FD0080BEF3 /* Preview Assets.xcassets */ = {isa = PBXFileReference; lastKnownFileType = folder.assetcatalog; path = "Preview Assets.xcassets"; sourceTree = "<group>"; };
		BB81EED72C24C6FD0080BEF3 /* CercacorAssignmentTests.xctest */ = {isa = PBXFileReference; explicitFileType = wrapper.cfbundle; includeInIndex = 0; path = CercacorAssignmentTests.xctest; sourceTree = BUILT_PRODUCTS_DIR; };
		BB81EEE12C24C6FD0080BEF3 /* CercacorAssignmentUITests.xctest */ = {isa = PBXFileReference; explicitFileType = wrapper.cfbundle; includeInIndex = 0; path = CercacorAssignmentUITests.xctest; sourceTree = BUILT_PRODUCTS_DIR; };
		BB81EEE52C24C6FD0080BEF3 /* CercacorAssignmentUITests.swift */ = {isa = PBXFileReference; lastKnownFileType = sourcecode.swift; path = CercacorAssignmentUITests.swift; sourceTree = "<group>"; };
		BB81EEE72C24C6FD0080BEF3 /* CercacorAssignmentUITestsLaunchTests.swift */ = {isa = PBXFileReference; lastKnownFileType = sourcecode.swift; path = CercacorAssignmentUITestsLaunchTests.swift; sourceTree = "<group>"; };
		BBC48CAA2C2A7AF900D40014 /* FoodDetailHeader.swift */ = {isa = PBXFileReference; lastKnownFileType = sourcecode.swift; path = FoodDetailHeader.swift; sourceTree = "<group>"; };
		BBC48CAC2C2A7D9F00D40014 /* NutritionDetailView.swift */ = {isa = PBXFileReference; lastKnownFileType = sourcecode.swift; path = NutritionDetailView.swift; sourceTree = "<group>"; };
		BBC48CAE2C2A8EF000D40014 /* QuantityInputView.swift */ = {isa = PBXFileReference; lastKnownFileType = sourcecode.swift; path = QuantityInputView.swift; sourceTree = "<group>"; };
		BBC48CB42C2A95D400D40014 /* NutrientList.swift */ = {isa = PBXFileReference; lastKnownFileType = sourcecode.swift; path = NutrientList.swift; sourceTree = "<group>"; };
		BBC48CB62C2AB27A00D40014 /* NumberFormatter+Extension.swift */ = {isa = PBXFileReference; lastKnownFileType = sourcecode.swift; path = "NumberFormatter+Extension.swift"; sourceTree = "<group>"; };
		BBC48CB82C2AC15700D40014 /* FoodItemListViewModelTests.swift */ = {isa = PBXFileReference; lastKnownFileType = sourcecode.swift; path = FoodItemListViewModelTests.swift; sourceTree = "<group>"; };
		BBC48CBE2C2AC6C700D40014 /* SearchInstantMock.json */ = {isa = PBXFileReference; fileEncoding = 4; lastKnownFileType = text.json; path = SearchInstantMock.json; sourceTree = "<group>"; };
		BBC48CC02C2AC9C400D40014 /* SearchItemMock.json */ = {isa = PBXFileReference; fileEncoding = 4; lastKnownFileType = text.json; path = SearchItemMock.json; sourceTree = "<group>"; };
/* End PBXFileReference section */

/* Begin PBXFrameworksBuildPhase section */
		BB81EEC42C24C6FB0080BEF3 /* Frameworks */ = {
			isa = PBXFrameworksBuildPhase;
			buildActionMask = 2147483647;
			files = (
				BB5553052C257FD8007815A1 /* SDWebImageSwiftUI in Frameworks */,
				BB6F95692C2F97F6005B0914 /* IQKeyboardManagerSwift in Frameworks */,
			);
			runOnlyForDeploymentPostprocessing = 0;
		};
		BB81EED42C24C6FD0080BEF3 /* Frameworks */ = {
			isa = PBXFrameworksBuildPhase;
			buildActionMask = 2147483647;
			files = (
				BBC48CBC2C2AC29A00D40014 /* SDWebImageSwiftUI in Frameworks */,
			);
			runOnlyForDeploymentPostprocessing = 0;
		};
		BB81EEDE2C24C6FD0080BEF3 /* Frameworks */ = {
			isa = PBXFrameworksBuildPhase;
			buildActionMask = 2147483647;
			files = (
			);
			runOnlyForDeploymentPostprocessing = 0;
		};
/* End PBXFrameworksBuildPhase section */

/* Begin PBXGroup section */
		BB5552C52C24CAB3007815A1 /* Model */ = {
			isa = PBXGroup;
			children = (
				BB5552DA2C250315007815A1 /* NutritionixConfiguration.swift */,
				BB5923802C2DCB360000C42D /* FoodItemTypes.swift */,
				BB5552CB2C24CE25007815A1 /* CommonFood.swift */,
				BB5552CD2C24CE32007815A1 /* BrandedFood.swift */,
				BB5B7A4A2C2752D7004B2975 /* Food.swift */,
				BB6F95912C31FEE1005B0914 /* Restaurant.swift */,
				BB7E01722C2E1BC8006696A1 /* SearchInstantEndPoint.swift */,
				BB7E01742C2E21A9006696A1 /* SearchItemEndPoint.swift */,
				BB7E01762C2E2897006696A1 /* NaturalNutrientsEndPoint.swift */,
				BB5552D52C24E53D007815A1 /* APIEndPoint.swift */,
				BB5552D72C24EAF7007815A1 /* NetworkError.swift */,
				BB6F958D2C31DBA3005B0914 /* LocationError.swift */,
			);
			path = Model;
			sourceTree = "<group>";
		};
		BB5552C72C24CAD4007815A1 /* View */ = {
			isa = PBXGroup;
			children = (
				BB5552F02C255C82007815A1 /* Components */,
				BB5552E62C252106007815A1 /* FoodItemListView.swift */,
				BB5553082C260006007815A1 /* FoodItemDetailView.swift */,
				BB6F95872C311AD0005B0914 /* RestaurantView.swift */,
			);
			path = View;
			sourceTree = "<group>";
		};
		BB5552C82C24CAE8007815A1 /* ViewModel */ = {
			isa = PBXGroup;
			children = (
				BB5552E82C252171007815A1 /* FoodItemListViewModel.swift */,
				BB5B7A462C275137004B2975 /* FoodItemDetailViewModel.swift */,
				BB6F95822C311A5E005B0914 /* RestaurantViewModel.swift */,
			);
			path = ViewModel;
			sourceTree = "<group>";
		};
		BB5552C92C24CAF2007815A1 /* Extension */ = {
			isa = PBXGroup;
			children = (
				BB5B7A502C27C331004B2975 /* View+Extension.swift */,
				BBC48CB62C2AB27A00D40014 /* NumberFormatter+Extension.swift */,
				BB6F956C2C3095B5005B0914 /* MutableCollection+Extension.swift */,
				BB55530A2C2604C6007815A1 /* PreviewInitial.swift */,
			);
			path = Extension;
			sourceTree = "<group>";
		};
		BB5552CA2C24CB02007815A1 /* Manager */ = {
			isa = PBXGroup;
			children = (
				BB5552CF2C24DA2E007815A1 /* NetworkManager.swift */,
				BB5552E22C250E56007815A1 /* NutritionixAPIManager.swift */,
				BB6F958B2C31D237005B0914 /* LocationManager.swift */,
			);
			path = Manager;
			sourceTree = "<group>";
		};
		BB5552F02C255C82007815A1 /* Components */ = {
			isa = PBXGroup;
			children = (
				BBC48CAE2C2A8EF000D40014 /* QuantityInputView.swift */,
				BB5923842C2DCF8B0000C42D /* SegmentedPickerView.swift */,
				BB5552F32C255D02007815A1 /* FoodItemList.swift */,
				BB5552F52C2561D1007815A1 /* FoodItemRow.swift */,
				BB5553062C258014007815A1 /* FoodItemImage.swift */,
				BBC48CAA2C2A7AF900D40014 /* FoodDetailHeader.swift */,
				BB6F956A2C2FE266005B0914 /* SubRecipeDetailView.swift */,
				BB2863262C2F4635009E75EA /* SubRecipeList.swift */,
				BB6F956E2C30A162005B0914 /* SubRecipeRow.swift */,
				BBC48CAC2C2A7D9F00D40014 /* NutritionDetailView.swift */,
				BBC48CB42C2A95D400D40014 /* NutrientList.swift */,
				BB65CEBD2C2B37E10070BC58 /* CalorieView.swift */,
				BB6F95932C322C32005B0914 /* RestaurantMap.swift */,
				BB6F95952C327CF5005B0914 /* RestaurantList.swift */,
			);
			path = Components;
			sourceTree = "<group>";
		};
		BB65CE9F2C2AFE700070BC58 /* Json */ = {
			isa = PBXGroup;
			children = (
				BB7E01782C2E31CA006696A1 /* NaturalNutrientsMock.json */,
				BBC48CC02C2AC9C400D40014 /* SearchItemMock.json */,
				BBC48CBE2C2AC6C700D40014 /* SearchInstantMock.json */,
				BB6F95702C30C5AD005B0914 /* SubRecipe1Mock.json */,
				BB6F95712C30C5AE005B0914 /* SubRecipe2Mock.json */,
				BB6F95732C30C5AE005B0914 /* SubRecipe3Mock.json */,
				BB6F95722C30C5AE005B0914 /* SubRecipe4Mock.json */,
			);
			path = Json;
			sourceTree = "<group>";
		};
		BB65CEAC2C2B14B80070BC58 /* Model */ = {
			isa = PBXGroup;
			children = (
				BB65CEB32C2B17C10070BC58 /* NutritionixConfigurationTests.swift */,
				BB65CEB62C2B19A90070BC58 /* SearchInstantEndPointResponseTests.swift */,
				BB65CEAF2C2B15190070BC58 /* CommonFoodTests.swift */,
				BB65CEB12C2B170F0070BC58 /* BrandedFoodTests.swift */,
				BB65CEB82C2B1C480070BC58 /* APIEndPointTests.swift */,
				BB65CEBA2C2B1DDA0070BC58 /* NetworkErrorTests.swift */,
			);
			path = Model;
			sourceTree = "<group>";
		};
		BB65CEAD2C2B14D30070BC58 /* Network */ = {
			isa = PBXGroup;
			children = (
				BB65CEA62C2B0CB80070BC58 /* NutritionixAPIManagerTests.swift */,
				BB65CEA42C2B07590070BC58 /* NetworkManagerTests.swift */,
			);
			path = Network;
			sourceTree = "<group>";
		};
		BB65CEAE2C2B14E50070BC58 /* ViewModel */ = {
			isa = PBXGroup;
			children = (
				BBC48CB82C2AC15700D40014 /* FoodItemListViewModelTests.swift */,
				BB65CE9D2C2AEAB80070BC58 /* FoodItemDetailViewModelTests.swift */,
			);
			path = ViewModel;
			sourceTree = "<group>";
		};
		BB65CEBC2C2B2E230070BC58 /* Resources */ = {
			isa = PBXGroup;
			children = (
				BB5B7A542C29F650004B2975 /* Nutrients.json */,
			);
			path = Resources;
			sourceTree = "<group>";
		};
		BB81EEBE2C24C6FB0080BEF3 = {
			isa = PBXGroup;
			children = (
				BB81EEC92C24C6FB0080BEF3 /* CercacorAssignment */,
				BB81EEDA2C24C6FD0080BEF3 /* CercacorAssignmentTests */,
				BB81EEE42C24C6FD0080BEF3 /* CercacorAssignmentUITests */,
				BB81EEC82C24C6FB0080BEF3 /* Products */,
				BBC48CBA2C2AC29A00D40014 /* Frameworks */,
			);
			sourceTree = "<group>";
		};
		BB81EEC82C24C6FB0080BEF3 /* Products */ = {
			isa = PBXGroup;
			children = (
				BB81EEC72C24C6FB0080BEF3 /* CercacorAssignment.app */,
				BB81EED72C24C6FD0080BEF3 /* CercacorAssignmentTests.xctest */,
				BB81EEE12C24C6FD0080BEF3 /* CercacorAssignmentUITests.xctest */,
			);
			name = Products;
			sourceTree = "<group>";
		};
		BB81EEC92C24C6FB0080BEF3 /* CercacorAssignment */ = {
			isa = PBXGroup;
			children = (
				BB5552D92C24F66B007815A1 /* Info.plist */,
				BB81EECA2C24C6FB0080BEF3 /* CercacorAssignmentApp.swift */,
				BB5552C52C24CAB3007815A1 /* Model */,
				BB5552C72C24CAD4007815A1 /* View */,
				BB5552C82C24CAE8007815A1 /* ViewModel */,
				BB5552C92C24CAF2007815A1 /* Extension */,
				BB5552CA2C24CB02007815A1 /* Manager */,
				BB65CEBC2C2B2E230070BC58 /* Resources */,
				BB81EECE2C24C6FD0080BEF3 /* Assets.xcassets */,
				BB81EED02C24C6FD0080BEF3 /* Preview Content */,
			);
			path = CercacorAssignment;
			sourceTree = "<group>";
		};
		BB81EED02C24C6FD0080BEF3 /* Preview Content */ = {
			isa = PBXGroup;
			children = (
				BB81EED12C24C6FD0080BEF3 /* Preview Assets.xcassets */,
			);
			path = "Preview Content";
			sourceTree = "<group>";
		};
		BB81EEDA2C24C6FD0080BEF3 /* CercacorAssignmentTests */ = {
			isa = PBXGroup;
			children = (
				BB65CEB52C2B18520070BC58 /* Info.plist */,
				BBC48CBD2C2AC51400D40014 /* Mock */,
				BB65CEAC2C2B14B80070BC58 /* Model */,
				BB65CEAE2C2B14E50070BC58 /* ViewModel */,
				BB65CEAD2C2B14D30070BC58 /* Network */,
			);
			path = CercacorAssignmentTests;
			sourceTree = "<group>";
		};
		BB81EEE42C24C6FD0080BEF3 /* CercacorAssignmentUITests */ = {
			isa = PBXGroup;
			children = (
				BB81EEE52C24C6FD0080BEF3 /* CercacorAssignmentUITests.swift */,
				BB81EEE72C24C6FD0080BEF3 /* CercacorAssignmentUITestsLaunchTests.swift */,
			);
			path = CercacorAssignmentUITests;
			sourceTree = "<group>";
		};
		BBC48CBA2C2AC29A00D40014 /* Frameworks */ = {
			isa = PBXGroup;
			children = (
			);
			name = Frameworks;
			sourceTree = "<group>";
		};
		BBC48CBD2C2AC51400D40014 /* Mock */ = {
			isa = PBXGroup;
			children = (
				BB65CEA02C2AFEAD0070BC58 /* NutritionixAPIManagerMock.swift */,
				BB65CEAA2C2B0D900070BC58 /* NetworkManagerMock.swift */,
				BB65CE9F2C2AFE700070BC58 /* Json */,
			);
			path = Mock;
			sourceTree = "<group>";
		};
/* End PBXGroup section */

/* Begin PBXNativeTarget section */
		BB81EEC62C24C6FB0080BEF3 /* CercacorAssignment */ = {
			isa = PBXNativeTarget;
			buildConfigurationList = BB81EEEB2C24C6FD0080BEF3 /* Build configuration list for PBXNativeTarget "CercacorAssignment" */;
			buildPhases = (
				BB81EEC32C24C6FB0080BEF3 /* Sources */,
				BB81EEC42C24C6FB0080BEF3 /* Frameworks */,
				BB81EEC52C24C6FB0080BEF3 /* Resources */,
			);
			buildRules = (
			);
			dependencies = (
			);
			name = CercacorAssignment;
			packageProductDependencies = (
				BB5553042C257FD8007815A1 /* SDWebImageSwiftUI */,
				BB6F95682C2F97F6005B0914 /* IQKeyboardManagerSwift */,
			);
			productName = CercacorAssignment;
			productReference = BB81EEC72C24C6FB0080BEF3 /* CercacorAssignment.app */;
			productType = "com.apple.product-type.application";
		};
		BB81EED62C24C6FD0080BEF3 /* CercacorAssignmentTests */ = {
			isa = PBXNativeTarget;
			buildConfigurationList = BB81EEEE2C24C6FD0080BEF3 /* Build configuration list for PBXNativeTarget "CercacorAssignmentTests" */;
			buildPhases = (
				BB81EED32C24C6FD0080BEF3 /* Sources */,
				BB81EED42C24C6FD0080BEF3 /* Frameworks */,
				BB81EED52C24C6FD0080BEF3 /* Resources */,
			);
			buildRules = (
			);
			dependencies = (
				BB81EED92C24C6FD0080BEF3 /* PBXTargetDependency */,
			);
			name = CercacorAssignmentTests;
			packageProductDependencies = (
				BBC48CBB2C2AC29A00D40014 /* SDWebImageSwiftUI */,
			);
			productName = CercacorAssignmentTests;
			productReference = BB81EED72C24C6FD0080BEF3 /* CercacorAssignmentTests.xctest */;
			productType = "com.apple.product-type.bundle.unit-test";
		};
		BB81EEE02C24C6FD0080BEF3 /* CercacorAssignmentUITests */ = {
			isa = PBXNativeTarget;
			buildConfigurationList = BB81EEF12C24C6FD0080BEF3 /* Build configuration list for PBXNativeTarget "CercacorAssignmentUITests" */;
			buildPhases = (
				BB81EEDD2C24C6FD0080BEF3 /* Sources */,
				BB81EEDE2C24C6FD0080BEF3 /* Frameworks */,
				BB81EEDF2C24C6FD0080BEF3 /* Resources */,
			);
			buildRules = (
			);
			dependencies = (
				BB81EEE32C24C6FD0080BEF3 /* PBXTargetDependency */,
			);
			name = CercacorAssignmentUITests;
			productName = CercacorAssignmentUITests;
			productReference = BB81EEE12C24C6FD0080BEF3 /* CercacorAssignmentUITests.xctest */;
			productType = "com.apple.product-type.bundle.ui-testing";
		};
/* End PBXNativeTarget section */

/* Begin PBXProject section */
		BB81EEBF2C24C6FB0080BEF3 /* Project object */ = {
			isa = PBXProject;
			attributes = {
				BuildIndependentTargetsInParallel = 1;
				LastSwiftUpdateCheck = 1420;
				LastUpgradeCheck = 1420;
				TargetAttributes = {
					BB81EEC62C24C6FB0080BEF3 = {
						CreatedOnToolsVersion = 14.2;
					};
					BB81EED62C24C6FD0080BEF3 = {
						CreatedOnToolsVersion = 14.2;
						TestTargetID = BB81EEC62C24C6FB0080BEF3;
					};
					BB81EEE02C24C6FD0080BEF3 = {
						CreatedOnToolsVersion = 14.2;
						TestTargetID = BB81EEC62C24C6FB0080BEF3;
					};
				};
			};
			buildConfigurationList = BB81EEC22C24C6FB0080BEF3 /* Build configuration list for PBXProject "CercacorAssignment" */;
			compatibilityVersion = "Xcode 14.0";
			developmentRegion = en;
			hasScannedForEncodings = 0;
			knownRegions = (
				en,
				Base,
			);
			mainGroup = BB81EEBE2C24C6FB0080BEF3;
			packageReferences = (
				BB5553032C257FD8007815A1 /* XCRemoteSwiftPackageReference "SDWebImageSwiftUI" */,
				BB6F95672C2F97F6005B0914 /* XCRemoteSwiftPackageReference "IQKeyboardManager" */,
			);
			productRefGroup = BB81EEC82C24C6FB0080BEF3 /* Products */;
			projectDirPath = "";
			projectRoot = "";
			targets = (
				BB81EEC62C24C6FB0080BEF3 /* CercacorAssignment */,
				BB81EED62C24C6FD0080BEF3 /* CercacorAssignmentTests */,
				BB81EEE02C24C6FD0080BEF3 /* CercacorAssignmentUITests */,
			);
		};
/* End PBXProject section */

/* Begin PBXResourcesBuildPhase section */
		BB81EEC52C24C6FB0080BEF3 /* Resources */ = {
			isa = PBXResourcesBuildPhase;
			buildActionMask = 2147483647;
			files = (
				BB81EED22C24C6FD0080BEF3 /* Preview Assets.xcassets in Resources */,
				BB6F95762C30C5AE005B0914 /* SubRecipe2Mock.json in Resources */,
				BB5B7A552C29F650004B2975 /* Nutrients.json in Resources */,
				BB6F95782C30C5AE005B0914 /* SubRecipe4Mock.json in Resources */,
				BB6F95742C30C5AE005B0914 /* SubRecipe1Mock.json in Resources */,
				BBC48CC32C2AD6E800D40014 /* SearchInstantMock.json in Resources */,
				BB6F957A2C30C5AE005B0914 /* SubRecipe3Mock.json in Resources */,
				BBC48CC22C2AD6E500D40014 /* SearchItemMock.json in Resources */,
				BB7E01792C2E31CA006696A1 /* NaturalNutrientsMock.json in Resources */,
				BB81EECF2C24C6FD0080BEF3 /* Assets.xcassets in Resources */,
			);
			runOnlyForDeploymentPostprocessing = 0;
		};
		BB81EED52C24C6FD0080BEF3 /* Resources */ = {
			isa = PBXResourcesBuildPhase;
			buildActionMask = 2147483647;
			files = (
				BB6F95752C30C5AE005B0914 /* SubRecipe1Mock.json in Resources */,
				BB6F95772C30C5AE005B0914 /* SubRecipe2Mock.json in Resources */,
				BB6F957B2C30C5AE005B0914 /* SubRecipe3Mock.json in Resources */,
				BBC48CC12C2AC9C400D40014 /* SearchItemMock.json in Resources */,
				BB6F95792C30C5AE005B0914 /* SubRecipe4Mock.json in Resources */,
				BB7E017A2C2E31CA006696A1 /* NaturalNutrientsMock.json in Resources */,
				BBC48CBF2C2AC6C700D40014 /* SearchInstantMock.json in Resources */,
			);
			runOnlyForDeploymentPostprocessing = 0;
		};
		BB81EEDF2C24C6FD0080BEF3 /* Resources */ = {
			isa = PBXResourcesBuildPhase;
			buildActionMask = 2147483647;
			files = (
			);
			runOnlyForDeploymentPostprocessing = 0;
		};
/* End PBXResourcesBuildPhase section */

/* Begin PBXSourcesBuildPhase section */
		BB81EEC32C24C6FB0080BEF3 /* Sources */ = {
			isa = PBXSourcesBuildPhase;
			buildActionMask = 2147483647;
			files = (
				BB5553072C258014007815A1 /* FoodItemImage.swift in Sources */,
				BBC48CAD2C2A7D9F00D40014 /* NutritionDetailView.swift in Sources */,
				BB5553092C260006007815A1 /* FoodItemDetailView.swift in Sources */,
				BB5B7A512C27C331004B2975 /* View+Extension.swift in Sources */,
				BB5552F42C255D02007815A1 /* FoodItemList.swift in Sources */,
				BB6F95942C322C32005B0914 /* RestaurantMap.swift in Sources */,
				BBC48CAB2C2A7AF900D40014 /* FoodDetailHeader.swift in Sources */,
				BBC48CB72C2AB27A00D40014 /* NumberFormatter+Extension.swift in Sources */,
				BB6F958E2C31DBA3005B0914 /* LocationError.swift in Sources */,
				BB5552D82C24EAF7007815A1 /* NetworkError.swift in Sources */,
				BB5B7A4B2C2752D7004B2975 /* Food.swift in Sources */,
				BB5552CE2C24CE32007815A1 /* BrandedFood.swift in Sources */,
				BB5923812C2DCB360000C42D /* FoodItemTypes.swift in Sources */,
				BB5552D02C24DA2E007815A1 /* NetworkManager.swift in Sources */,
				BB6F95832C311A5E005B0914 /* RestaurantViewModel.swift in Sources */,
				BB6F95882C311AD0005B0914 /* RestaurantView.swift in Sources */,
				BB5552CC2C24CE25007815A1 /* CommonFood.swift in Sources */,
				BBC48CAF2C2A8EF000D40014 /* QuantityInputView.swift in Sources */,
				BB6F956D2C3095B5005B0914 /* MutableCollection+Extension.swift in Sources */,
				BB6F956F2C30A162005B0914 /* SubRecipeRow.swift in Sources */,
				BB6F95962C327CF5005B0914 /* RestaurantList.swift in Sources */,
				BB6F95922C31FEE1005B0914 /* Restaurant.swift in Sources */,
				BB5552E92C252171007815A1 /* FoodItemListViewModel.swift in Sources */,
				BB5552E32C250E56007815A1 /* NutritionixAPIManager.swift in Sources */,
				BB5B7A472C275137004B2975 /* FoodItemDetailViewModel.swift in Sources */,
				BB5552F62C2561D1007815A1 /* FoodItemRow.swift in Sources */,
				BB81EECB2C24C6FB0080BEF3 /* CercacorAssignmentApp.swift in Sources */,
				BB55530B2C2604C6007815A1 /* PreviewInitial.swift in Sources */,
				BB65CEBE2C2B37E10070BC58 /* CalorieView.swift in Sources */,
				BB5552E72C252106007815A1 /* FoodItemListView.swift in Sources */,
				BB5552DB2C250315007815A1 /* NutritionixConfiguration.swift in Sources */,
				BB6F956B2C2FE266005B0914 /* SubRecipeDetailView.swift in Sources */,
				BB7E01752C2E21A9006696A1 /* SearchItemEndPoint.swift in Sources */,
				BB7E01732C2E1BC8006696A1 /* SearchInstantEndPoint.swift in Sources */,
				BB5923852C2DCF8B0000C42D /* SegmentedPickerView.swift in Sources */,
				BBC48CB52C2A95D400D40014 /* NutrientList.swift in Sources */,
				BB5552D62C24E53D007815A1 /* APIEndPoint.swift in Sources */,
				BB7E01772C2E2897006696A1 /* NaturalNutrientsEndPoint.swift in Sources */,
				BB2863272C2F4635009E75EA /* SubRecipeList.swift in Sources */,
				BB6F958C2C31D237005B0914 /* LocationManager.swift in Sources */,
			);
			runOnlyForDeploymentPostprocessing = 0;
		};
		BB81EED32C24C6FD0080BEF3 /* Sources */ = {
			isa = PBXSourcesBuildPhase;
			buildActionMask = 2147483647;
			files = (
				BB65CEA52C2B07590070BC58 /* NetworkManagerTests.swift in Sources */,
				BB65CEB92C2B1C480070BC58 /* APIEndPointTests.swift in Sources */,
				BB65CEB72C2B19A90070BC58 /* SearchInstantEndPointResponseTests.swift in Sources */,
				BB65CE9E2C2AEAB80070BC58 /* FoodItemDetailViewModelTests.swift in Sources */,
				BB65CEB42C2B17C10070BC58 /* NutritionixConfigurationTests.swift in Sources */,
				BB65CEBB2C2B1DDA0070BC58 /* NetworkErrorTests.swift in Sources */,
				BB65CEAB2C2B0D900070BC58 /* NetworkManagerMock.swift in Sources */,
				BB65CEB02C2B15190070BC58 /* CommonFoodTests.swift in Sources */,
				BB65CEB22C2B170F0070BC58 /* BrandedFoodTests.swift in Sources */,
				BB65CEA12C2AFEAD0070BC58 /* NutritionixAPIManagerMock.swift in Sources */,
				BB65CEA72C2B0CB80070BC58 /* NutritionixAPIManagerTests.swift in Sources */,
				BBC48CB92C2AC15700D40014 /* FoodItemListViewModelTests.swift in Sources */,
			);
			runOnlyForDeploymentPostprocessing = 0;
		};
		BB81EEDD2C24C6FD0080BEF3 /* Sources */ = {
			isa = PBXSourcesBuildPhase;
			buildActionMask = 2147483647;
			files = (
				BB81EEE62C24C6FD0080BEF3 /* CercacorAssignmentUITests.swift in Sources */,
				BB81EEE82C24C6FD0080BEF3 /* CercacorAssignmentUITestsLaunchTests.swift in Sources */,
			);
			runOnlyForDeploymentPostprocessing = 0;
		};
/* End PBXSourcesBuildPhase section */

/* Begin PBXTargetDependency section */
		BB81EED92C24C6FD0080BEF3 /* PBXTargetDependency */ = {
			isa = PBXTargetDependency;
			target = BB81EEC62C24C6FB0080BEF3 /* CercacorAssignment */;
			targetProxy = BB81EED82C24C6FD0080BEF3 /* PBXContainerItemProxy */;
		};
		BB81EEE32C24C6FD0080BEF3 /* PBXTargetDependency */ = {
			isa = PBXTargetDependency;
			target = BB81EEC62C24C6FB0080BEF3 /* CercacorAssignment */;
			targetProxy = BB81EEE22C24C6FD0080BEF3 /* PBXContainerItemProxy */;
		};
/* End PBXTargetDependency section */

/* Begin XCBuildConfiguration section */
		BB81EEE92C24C6FD0080BEF3 /* Debug */ = {
			isa = XCBuildConfiguration;
			buildSettings = {
				ALWAYS_SEARCH_USER_PATHS = NO;
				CLANG_ANALYZER_NONNULL = YES;
				CLANG_ANALYZER_NUMBER_OBJECT_CONVERSION = YES_AGGRESSIVE;
				CLANG_CXX_LANGUAGE_STANDARD = "gnu++20";
				CLANG_ENABLE_MODULES = YES;
				CLANG_ENABLE_OBJC_ARC = YES;
				CLANG_ENABLE_OBJC_WEAK = YES;
				CLANG_WARN_BLOCK_CAPTURE_AUTORELEASING = YES;
				CLANG_WARN_BOOL_CONVERSION = YES;
				CLANG_WARN_COMMA = YES;
				CLANG_WARN_CONSTANT_CONVERSION = YES;
				CLANG_WARN_DEPRECATED_OBJC_IMPLEMENTATIONS = YES;
				CLANG_WARN_DIRECT_OBJC_ISA_USAGE = YES_ERROR;
				CLANG_WARN_DOCUMENTATION_COMMENTS = YES;
				CLANG_WARN_EMPTY_BODY = YES;
				CLANG_WARN_ENUM_CONVERSION = YES;
				CLANG_WARN_INFINITE_RECURSION = YES;
				CLANG_WARN_INT_CONVERSION = YES;
				CLANG_WARN_NON_LITERAL_NULL_CONVERSION = YES;
				CLANG_WARN_OBJC_IMPLICIT_RETAIN_SELF = YES;
				CLANG_WARN_OBJC_LITERAL_CONVERSION = YES;
				CLANG_WARN_OBJC_ROOT_CLASS = YES_ERROR;
				CLANG_WARN_QUOTED_INCLUDE_IN_FRAMEWORK_HEADER = YES;
				CLANG_WARN_RANGE_LOOP_ANALYSIS = YES;
				CLANG_WARN_STRICT_PROTOTYPES = YES;
				CLANG_WARN_SUSPICIOUS_MOVE = YES;
				CLANG_WARN_UNGUARDED_AVAILABILITY = YES_AGGRESSIVE;
				CLANG_WARN_UNREACHABLE_CODE = YES;
				CLANG_WARN__DUPLICATE_METHOD_MATCH = YES;
				COPY_PHASE_STRIP = NO;
				DEBUG_INFORMATION_FORMAT = dwarf;
				ENABLE_STRICT_OBJC_MSGSEND = YES;
				ENABLE_TESTABILITY = YES;
				GCC_C_LANGUAGE_STANDARD = gnu11;
				GCC_DYNAMIC_NO_PIC = NO;
				GCC_NO_COMMON_BLOCKS = YES;
				GCC_OPTIMIZATION_LEVEL = 0;
				GCC_PREPROCESSOR_DEFINITIONS = (
					"DEBUG=1",
					"$(inherited)",
				);
				GCC_WARN_64_TO_32_BIT_CONVERSION = YES;
				GCC_WARN_ABOUT_RETURN_TYPE = YES_ERROR;
				GCC_WARN_UNDECLARED_SELECTOR = YES;
				GCC_WARN_UNINITIALIZED_AUTOS = YES_AGGRESSIVE;
				GCC_WARN_UNUSED_FUNCTION = YES;
				GCC_WARN_UNUSED_VARIABLE = YES;
				MTL_ENABLE_DEBUG_INFO = INCLUDE_SOURCE;
				MTL_FAST_MATH = YES;
				ONLY_ACTIVE_ARCH = YES;
				SDKROOT = iphoneos;
				SWIFT_ACTIVE_COMPILATION_CONDITIONS = DEBUG;
				SWIFT_OPTIMIZATION_LEVEL = "-Onone";
			};
			name = Debug;
		};
		BB81EEEA2C24C6FD0080BEF3 /* Release */ = {
			isa = XCBuildConfiguration;
			buildSettings = {
				ALWAYS_SEARCH_USER_PATHS = NO;
				CLANG_ANALYZER_NONNULL = YES;
				CLANG_ANALYZER_NUMBER_OBJECT_CONVERSION = YES_AGGRESSIVE;
				CLANG_CXX_LANGUAGE_STANDARD = "gnu++20";
				CLANG_ENABLE_MODULES = YES;
				CLANG_ENABLE_OBJC_ARC = YES;
				CLANG_ENABLE_OBJC_WEAK = YES;
				CLANG_WARN_BLOCK_CAPTURE_AUTORELEASING = YES;
				CLANG_WARN_BOOL_CONVERSION = YES;
				CLANG_WARN_COMMA = YES;
				CLANG_WARN_CONSTANT_CONVERSION = YES;
				CLANG_WARN_DEPRECATED_OBJC_IMPLEMENTATIONS = YES;
				CLANG_WARN_DIRECT_OBJC_ISA_USAGE = YES_ERROR;
				CLANG_WARN_DOCUMENTATION_COMMENTS = YES;
				CLANG_WARN_EMPTY_BODY = YES;
				CLANG_WARN_ENUM_CONVERSION = YES;
				CLANG_WARN_INFINITE_RECURSION = YES;
				CLANG_WARN_INT_CONVERSION = YES;
				CLANG_WARN_NON_LITERAL_NULL_CONVERSION = YES;
				CLANG_WARN_OBJC_IMPLICIT_RETAIN_SELF = YES;
				CLANG_WARN_OBJC_LITERAL_CONVERSION = YES;
				CLANG_WARN_OBJC_ROOT_CLASS = YES_ERROR;
				CLANG_WARN_QUOTED_INCLUDE_IN_FRAMEWORK_HEADER = YES;
				CLANG_WARN_RANGE_LOOP_ANALYSIS = YES;
				CLANG_WARN_STRICT_PROTOTYPES = YES;
				CLANG_WARN_SUSPICIOUS_MOVE = YES;
				CLANG_WARN_UNGUARDED_AVAILABILITY = YES_AGGRESSIVE;
				CLANG_WARN_UNREACHABLE_CODE = YES;
				CLANG_WARN__DUPLICATE_METHOD_MATCH = YES;
				COPY_PHASE_STRIP = NO;
				DEBUG_INFORMATION_FORMAT = "dwarf-with-dsym";
				ENABLE_NS_ASSERTIONS = NO;
				ENABLE_STRICT_OBJC_MSGSEND = YES;
				GCC_C_LANGUAGE_STANDARD = gnu11;
				GCC_NO_COMMON_BLOCKS = YES;
				GCC_WARN_64_TO_32_BIT_CONVERSION = YES;
				GCC_WARN_ABOUT_RETURN_TYPE = YES_ERROR;
				GCC_WARN_UNDECLARED_SELECTOR = YES;
				GCC_WARN_UNINITIALIZED_AUTOS = YES_AGGRESSIVE;
				GCC_WARN_UNUSED_FUNCTION = YES;
				GCC_WARN_UNUSED_VARIABLE = YES;
				MTL_ENABLE_DEBUG_INFO = NO;
				MTL_FAST_MATH = YES;
				SDKROOT = iphoneos;
				SWIFT_COMPILATION_MODE = wholemodule;
				SWIFT_OPTIMIZATION_LEVEL = "-O";
				VALIDATE_PRODUCT = YES;
			};
			name = Release;
		};
		BB81EEEC2C24C6FD0080BEF3 /* Debug */ = {
			isa = XCBuildConfiguration;
			buildSettings = {
				ASSETCATALOG_COMPILER_APPICON_NAME = AppIcon;
				ASSETCATALOG_COMPILER_GLOBAL_ACCENT_COLOR_NAME = AccentColor;
				CODE_SIGN_STYLE = Automatic;
				CURRENT_PROJECT_VERSION = 1;
				DEVELOPMENT_ASSET_PATHS = "\"CercacorAssignment/Preview Content\"";
				ENABLE_PREVIEWS = YES;
				GENERATE_INFOPLIST_FILE = YES;
				INFOPLIST_FILE = CercacorAssignment/Info.plist;
				INFOPLIST_KEY_NSLocationWhenInUseUsageDescription = "Providing you with accurate location-based services requires access to your location when the app is in use.";
				INFOPLIST_KEY_UIApplicationSceneManifest_Generation = YES;
				INFOPLIST_KEY_UIApplicationSupportsIndirectInputEvents = YES;
				INFOPLIST_KEY_UILaunchScreen_Generation = YES;
				INFOPLIST_KEY_UISupportedInterfaceOrientations_iPad = "UIInterfaceOrientationPortrait UIInterfaceOrientationPortraitUpsideDown UIInterfaceOrientationLandscapeLeft UIInterfaceOrientationLandscapeRight";
				INFOPLIST_KEY_UISupportedInterfaceOrientations_iPhone = "UIInterfaceOrientationPortrait UIInterfaceOrientationLandscapeLeft UIInterfaceOrientationLandscapeRight";
				IPHONEOS_DEPLOYMENT_TARGET = 15.0;
				LD_RUNPATH_SEARCH_PATHS = (
					"$(inherited)",
					"@executable_path/Frameworks",
				);
				MARKETING_VERSION = 1.0;
				PRODUCT_BUNDLE_IDENTIFIER = self.learning.CercacorAssignment;
				PRODUCT_NAME = "$(TARGET_NAME)";
				SWIFT_EMIT_LOC_STRINGS = YES;
				SWIFT_VERSION = 5.0;
				TARGETED_DEVICE_FAMILY = "1,2";
			};
			name = Debug;
		};
		BB81EEED2C24C6FD0080BEF3 /* Release */ = {
			isa = XCBuildConfiguration;
			buildSettings = {
				ASSETCATALOG_COMPILER_APPICON_NAME = AppIcon;
				ASSETCATALOG_COMPILER_GLOBAL_ACCENT_COLOR_NAME = AccentColor;
				CODE_SIGN_STYLE = Automatic;
				CURRENT_PROJECT_VERSION = 1;
				DEVELOPMENT_ASSET_PATHS = "\"CercacorAssignment/Preview Content\"";
				ENABLE_PREVIEWS = YES;
				GENERATE_INFOPLIST_FILE = YES;
				INFOPLIST_FILE = CercacorAssignment/Info.plist;
				INFOPLIST_KEY_NSLocationWhenInUseUsageDescription = "Providing you with accurate location-based services requires access to your location when the app is in use.";
				INFOPLIST_KEY_UIApplicationSceneManifest_Generation = YES;
				INFOPLIST_KEY_UIApplicationSupportsIndirectInputEvents = YES;
				INFOPLIST_KEY_UILaunchScreen_Generation = YES;
				INFOPLIST_KEY_UISupportedInterfaceOrientations_iPad = "UIInterfaceOrientationPortrait UIInterfaceOrientationPortraitUpsideDown UIInterfaceOrientationLandscapeLeft UIInterfaceOrientationLandscapeRight";
				INFOPLIST_KEY_UISupportedInterfaceOrientations_iPhone = "UIInterfaceOrientationPortrait UIInterfaceOrientationLandscapeLeft UIInterfaceOrientationLandscapeRight";
				IPHONEOS_DEPLOYMENT_TARGET = 15.0;
				LD_RUNPATH_SEARCH_PATHS = (
					"$(inherited)",
					"@executable_path/Frameworks",
				);
				MARKETING_VERSION = 1.0;
				PRODUCT_BUNDLE_IDENTIFIER = self.learning.CercacorAssignment;
				PRODUCT_NAME = "$(TARGET_NAME)";
				SWIFT_EMIT_LOC_STRINGS = YES;
				SWIFT_VERSION = 5.0;
				TARGETED_DEVICE_FAMILY = "1,2";
			};
			name = Release;
		};
		BB81EEEF2C24C6FD0080BEF3 /* Debug */ = {
			isa = XCBuildConfiguration;
			buildSettings = {
				ALWAYS_EMBED_SWIFT_STANDARD_LIBRARIES = YES;
				BUNDLE_LOADER = "$(TEST_HOST)";
				CODE_SIGN_STYLE = Automatic;
				CURRENT_PROJECT_VERSION = 1;
				GENERATE_INFOPLIST_FILE = YES;
				INFOPLIST_FILE = CercacorAssignmentTests/Info.plist;
				IPHONEOS_DEPLOYMENT_TARGET = 16.2;
				MARKETING_VERSION = 1.0;
				PRODUCT_BUNDLE_IDENTIFIER = self.learning.CercacorAssignmentTests;
				PRODUCT_NAME = "$(TARGET_NAME)";
				SWIFT_EMIT_LOC_STRINGS = NO;
				SWIFT_VERSION = 5.0;
				TARGETED_DEVICE_FAMILY = "1,2";
				TEST_HOST = "$(BUILT_PRODUCTS_DIR)/CercacorAssignment.app/$(BUNDLE_EXECUTABLE_FOLDER_PATH)/CercacorAssignment";
			};
			name = Debug;
		};
		BB81EEF02C24C6FD0080BEF3 /* Release */ = {
			isa = XCBuildConfiguration;
			buildSettings = {
				ALWAYS_EMBED_SWIFT_STANDARD_LIBRARIES = YES;
				BUNDLE_LOADER = "$(TEST_HOST)";
				CODE_SIGN_STYLE = Automatic;
				CURRENT_PROJECT_VERSION = 1;
				GENERATE_INFOPLIST_FILE = YES;
				INFOPLIST_FILE = CercacorAssignmentTests/Info.plist;
				IPHONEOS_DEPLOYMENT_TARGET = 16.2;
				MARKETING_VERSION = 1.0;
				PRODUCT_BUNDLE_IDENTIFIER = self.learning.CercacorAssignmentTests;
				PRODUCT_NAME = "$(TARGET_NAME)";
				SWIFT_EMIT_LOC_STRINGS = NO;
				SWIFT_VERSION = 5.0;
				TARGETED_DEVICE_FAMILY = "1,2";
				TEST_HOST = "$(BUILT_PRODUCTS_DIR)/CercacorAssignment.app/$(BUNDLE_EXECUTABLE_FOLDER_PATH)/CercacorAssignment";
			};
			name = Release;
		};
		BB81EEF22C24C6FD0080BEF3 /* Debug */ = {
			isa = XCBuildConfiguration;
			buildSettings = {
				ALWAYS_EMBED_SWIFT_STANDARD_LIBRARIES = YES;
				CODE_SIGN_STYLE = Automatic;
				CURRENT_PROJECT_VERSION = 1;
				GENERATE_INFOPLIST_FILE = YES;
				MARKETING_VERSION = 1.0;
				PRODUCT_BUNDLE_IDENTIFIER = self.learning.CercacorAssignmentUITests;
				PRODUCT_NAME = "$(TARGET_NAME)";
				SWIFT_EMIT_LOC_STRINGS = NO;
				SWIFT_VERSION = 5.0;
				TARGETED_DEVICE_FAMILY = "1,2";
				TEST_TARGET_NAME = CercacorAssignment;
			};
			name = Debug;
		};
		BB81EEF32C24C6FD0080BEF3 /* Release */ = {
			isa = XCBuildConfiguration;
			buildSettings = {
				ALWAYS_EMBED_SWIFT_STANDARD_LIBRARIES = YES;
				CODE_SIGN_STYLE = Automatic;
				CURRENT_PROJECT_VERSION = 1;
				GENERATE_INFOPLIST_FILE = YES;
				MARKETING_VERSION = 1.0;
				PRODUCT_BUNDLE_IDENTIFIER = self.learning.CercacorAssignmentUITests;
				PRODUCT_NAME = "$(TARGET_NAME)";
				SWIFT_EMIT_LOC_STRINGS = NO;
				SWIFT_VERSION = 5.0;
				TARGETED_DEVICE_FAMILY = "1,2";
				TEST_TARGET_NAME = CercacorAssignment;
			};
			name = Release;
		};
/* End XCBuildConfiguration section */

/* Begin XCConfigurationList section */
		BB81EEC22C24C6FB0080BEF3 /* Build configuration list for PBXProject "CercacorAssignment" */ = {
			isa = XCConfigurationList;
			buildConfigurations = (
				BB81EEE92C24C6FD0080BEF3 /* Debug */,
				BB81EEEA2C24C6FD0080BEF3 /* Release */,
			);
			defaultConfigurationIsVisible = 0;
			defaultConfigurationName = Release;
		};
		BB81EEEB2C24C6FD0080BEF3 /* Build configuration list for PBXNativeTarget "CercacorAssignment" */ = {
			isa = XCConfigurationList;
			buildConfigurations = (
				BB81EEEC2C24C6FD0080BEF3 /* Debug */,
				BB81EEED2C24C6FD0080BEF3 /* Release */,
			);
			defaultConfigurationIsVisible = 0;
			defaultConfigurationName = Release;
		};
		BB81EEEE2C24C6FD0080BEF3 /* Build configuration list for PBXNativeTarget "CercacorAssignmentTests" */ = {
			isa = XCConfigurationList;
			buildConfigurations = (
				BB81EEEF2C24C6FD0080BEF3 /* Debug */,
				BB81EEF02C24C6FD0080BEF3 /* Release */,
			);
			defaultConfigurationIsVisible = 0;
			defaultConfigurationName = Release;
		};
		BB81EEF12C24C6FD0080BEF3 /* Build configuration list for PBXNativeTarget "CercacorAssignmentUITests" */ = {
			isa = XCConfigurationList;
			buildConfigurations = (
				BB81EEF22C24C6FD0080BEF3 /* Debug */,
				BB81EEF32C24C6FD0080BEF3 /* Release */,
			);
			defaultConfigurationIsVisible = 0;
			defaultConfigurationName = Release;
		};
/* End XCConfigurationList section */

/* Begin XCRemoteSwiftPackageReference section */
		BB5553032C257FD8007815A1 /* XCRemoteSwiftPackageReference "SDWebImageSwiftUI" */ = {
			isa = XCRemoteSwiftPackageReference;
			repositoryURL = "https://github.com/SDWebImage/SDWebImageSwiftUI.git";
			requirement = {
				branch = master;
				kind = branch;
			};
		};
		BB6F95672C2F97F6005B0914 /* XCRemoteSwiftPackageReference "IQKeyboardManager" */ = {
			isa = XCRemoteSwiftPackageReference;
			repositoryURL = "https://github.com/hackiftekhar/IQKeyboardManager.git";
			requirement = {
				kind = upToNextMajorVersion;
				minimumVersion = 7.0.0;
			};
		};
/* End XCRemoteSwiftPackageReference section */

/* Begin XCSwiftPackageProductDependency section */
		BB5553042C257FD8007815A1 /* SDWebImageSwiftUI */ = {
			isa = XCSwiftPackageProductDependency;
			package = BB5553032C257FD8007815A1 /* XCRemoteSwiftPackageReference "SDWebImageSwiftUI" */;
			productName = SDWebImageSwiftUI;
		};
		BB6F95682C2F97F6005B0914 /* IQKeyboardManagerSwift */ = {
			isa = XCSwiftPackageProductDependency;
			package = BB6F95672C2F97F6005B0914 /* XCRemoteSwiftPackageReference "IQKeyboardManager" */;
			productName = IQKeyboardManagerSwift;
		};
		BBC48CBB2C2AC29A00D40014 /* SDWebImageSwiftUI */ = {
			isa = XCSwiftPackageProductDependency;
			package = BB5553032C257FD8007815A1 /* XCRemoteSwiftPackageReference "SDWebImageSwiftUI" */;
			productName = SDWebImageSwiftUI;
		};
/* End XCSwiftPackageProductDependency section */
	};
	rootObject = BB81EEBF2C24C6FB0080BEF3 /* Project object */;
}
